
Microsoft Visual Studio Solution File, Format Version 11.00
# Visual Studio 2010
Project("{F184B08F-C81C-45F6-A57F-5ABD9991F28F}") = "trathps00672_lab6", "trathps00672_lab6\trathps00672_lab6.vbproj", "{7CCC7AAA-E9FB-4DBC-9D88-CC690EBD62AA}"
EndProject
Global
	GlobalSection(SolutionConfigurationPlatforms) = preSolution
		Debug|x86 = Debug|x86
		Release|x86 = Release|x86
	EndGlobalSection
	GlobalSection(ProjectConfigurationPlatforms) = postSolution
		{7CCC7AAA-E9FB-4DBC-9D88-CC690EBD62AA}.Debug|x86.ActiveCfg = Debug|x86
		{7CCC7AAA-E9FB-4DBC-9D88-CC690EBD62AA}.Debug|x86.Build.0 = Debug|x86
		{7CCC7AAA-E9FB-4DBC-9D88-CC690EBD62AA}.Release|x86.ActiveCfg = Release|x86
		{7CCC7AAA-E9FB-4DBC-9D88-CC690EBD62AA}.Release|x86.Build.0 = Release|x86
	EndGlobalSection
	GlobalSection(SolutionProperties) = preSolution
		HideSolutionNode = FALSE
	EndGlobalSection
EndGlobal
